
Microsoft Visual Studio Solution File, Format Version 12.00
# Visual Studio Version 17
VisualStudioVersion = 17.10.35027.167
MinimumVisualStudioVersion = 10.0.40219.1
Project("{9A19103F-16F7-4668-BE54-9A1E7A4F7556}") = "stage0", "stage0\stage0.csproj", "{315F02A1-DB2D-41C2-960C-5EAD977AF5E4}"
EndProject
Project("{9A19103F-16F7-4668-BE54-9A1E7A4F7556}") = "DalFacade", "DalFacade\DalFacade.csproj", "{7CE0AD10-D388-4D75-8D88-B640FBB26991}"
EndProject
Project("{9A19103F-16F7-4668-BE54-9A1E7A4F7556}") = "DalList", "DalList\DalList.csproj", "{2F2CF9BB-7F7F-49AD-B5EF-E0C316281422}"
EndProject
Project("{9A19103F-16F7-4668-BE54-9A1E7A4F7556}") = "DalTest", "DalTest\DalTest.csproj", "{7215972B-73CD-4870-9F70-B7E7D16934A8}"
EndProject
Project("{FAE04EC0-301F-11D3-BF4B-00C04F79EFBC}") = "DalXml", "DalXml\DalXml.csproj", "{940C86FD-6F43-4F8D-8DEC-F52653102BE4}"
EndProject
Project("{2150E333-8FDC-42A3-9474-1A3956D46DE8}") = "xml", "xml", "{035D7171-580B-4163-9C19-7A2363C7F79D}"
	ProjectSection(SolutionItems) = preProject
		xml\data-config.xml = xml\data-config.xml
		xml\calls.xml = xml\calls.xml
		xml\assignments.xml = xml\assignments.xml
		xml\volunteers.xml = xml\volunteers.xml
	EndProjectSection
EndProject
Global
	GlobalSection(SolutionConfigurationPlatforms) = preSolution
		Debug|Any CPU = Debug|Any CPU
		Release|Any CPU = Release|Any CPU
	EndGlobalSection
	GlobalSection(ProjectConfigurationPlatforms) = postSolution
		{315F02A1-DB2D-41C2-960C-5EAD977AF5E4}.Debug|Any CPU.ActiveCfg = Debug|Any CPU
		{315F02A1-DB2D-41C2-960C-5EAD977AF5E4}.Debug|Any CPU.Build.0 = Debug|Any CPU
		{315F02A1-DB2D-41C2-960C-5EAD977AF5E4}.Release|Any CPU.ActiveCfg = Release|Any CPU
		{315F02A1-DB2D-41C2-960C-5EAD977AF5E4}.Release|Any CPU.Build.0 = Release|Any CPU
		{7CE0AD10-D388-4D75-8D88-B640FBB26991}.Debug|Any CPU.ActiveCfg = Debug|Any CPU
		{7CE0AD10-D388-4D75-8D88-B640FBB26991}.Debug|Any CPU.Build.0 = Debug|Any CPU
		{7CE0AD10-D388-4D75-8D88-B640FBB26991}.Release|Any CPU.ActiveCfg = Release|Any CPU
		{7CE0AD10-D388-4D75-8D88-B640FBB26991}.Release|Any CPU.Build.0 = Release|Any CPU
		{2F2CF9BB-7F7F-49AD-B5EF-E0C316281422}.Debug|Any CPU.ActiveCfg = Debug|Any CPU
		{2F2CF9BB-7F7F-49AD-B5EF-E0C316281422}.Debug|Any CPU.Build.0 = Debug|Any CPU
		{2F2CF9BB-7F7F-49AD-B5EF-E0C316281422}.Release|Any CPU.ActiveCfg = Release|Any CPU
		{2F2CF9BB-7F7F-49AD-B5EF-E0C316281422}.Release|Any CPU.Build.0 = Release|Any CPU
		{7215972B-73CD-4870-9F70-B7E7D16934A8}.Debug|Any CPU.ActiveCfg = Debug|Any CPU
		{7215972B-73CD-4870-9F70-B7E7D16934A8}.Debug|Any CPU.Build.0 = Debug|Any CPU
		{7215972B-73CD-4870-9F70-B7E7D16934A8}.Release|Any CPU.ActiveCfg = Release|Any CPU
		{7215972B-73CD-4870-9F70-B7E7D16934A8}.Release|Any CPU.Build.0 = Release|Any CPU
		{940C86FD-6F43-4F8D-8DEC-F52653102BE4}.Debug|Any CPU.ActiveCfg = Debug|Any CPU
		{940C86FD-6F43-4F8D-8DEC-F52653102BE4}.Debug|Any CPU.Build.0 = Debug|Any CPU
		{940C86FD-6F43-4F8D-8DEC-F52653102BE4}.Release|Any CPU.ActiveCfg = Release|Any CPU
		{940C86FD-6F43-4F8D-8DEC-F52653102BE4}.Release|Any CPU.Build.0 = Release|Any CPU
	EndGlobalSection
	GlobalSection(SolutionProperties) = preSolution
		HideSolutionNode = FALSE
	EndGlobalSection
	GlobalSection(ExtensibilityGlobals) = postSolution
		SolutionGuid = {077CB63D-F6E3-4745-BEC7-A60209712605}
	EndGlobalSection
EndGlobal
